// !$*UTF8*$!
{
	archiveVersion = 1;
	classes = {
	};
	objectVersion = 52;
	objects = {

/* Begin PBXBuildFile section */
		B20B6A722799058E0041C866 /* Sliders in Frameworks */ = {isa = PBXBuildFile; productRef = B20B6A712799058E0041C866 /* Sliders */; };
		B20B6A74279905AF0041C866 /* SliderRange4.swift in Sources */ = {isa = PBXBuildFile; fileRef = B20B6A73279905AF0041C866 /* SliderRange4.swift */; };
		B20BE7FB27DB5E47009CCB6B /* TextFieldAutoFocused.swift in Sources */ = {isa = PBXBuildFile; fileRef = B20BE7FA27DB5E47009CCB6B /* TextFieldAutoFocused.swift */; };
		B215578E2775AAE5005FDA24 /* LoadMoreScrolView.swift in Sources */ = {isa = PBXBuildFile; fileRef = B215578D2775AAE5005FDA24 /* LoadMoreScrolView.swift */; };
		B21A48C32779A2B5001FEC1D /* SwiftUIRefresh in Frameworks */ = {isa = PBXBuildFile; productRef = B21A48C22779A2B5001FEC1D /* SwiftUIRefresh */; };
		B21A48C82779AD6A001FEC1D /* SwiftUIPullToRefresh in Frameworks */ = {isa = PBXBuildFile; productRef = B21A48C72779AD6A001FEC1D /* SwiftUIPullToRefresh */; };
		B2271DD127F2BEB700FE4A60 /* DemoScrollViewOffset.swift in Sources */ = {isa = PBXBuildFile; fileRef = B2271DD027F2BEB700FE4A60 /* DemoScrollViewOffset.swift */; };
		B232DA6E27741B5200D58DEC /* CustomNumberPad.swift in Sources */ = {isa = PBXBuildFile; fileRef = B232DA6D27741B5200D58DEC /* CustomNumberPad.swift */; };
		B232DA7027741B6700D58DEC /* VerificationView.swift in Sources */ = {isa = PBXBuildFile; fileRef = B232DA6F27741B6700D58DEC /* VerificationView.swift */; };
		B232DA7227743D8D00D58DEC /* PinEntryView.swift in Sources */ = {isa = PBXBuildFile; fileRef = B232DA7127743D8D00D58DEC /* PinEntryView.swift */; };
		B2341FD327E9A96500CE369E /* TrackableScrollView.swift in Sources */ = {isa = PBXBuildFile; fileRef = B2341FD227E9A96500CE369E /* TrackableScrollView.swift */; };
		B2341FD627E9A98800CE369E /* SwiftUITrackableScrollView in Frameworks */ = {isa = PBXBuildFile; productRef = B2341FD527E9A98800CE369E /* SwiftUITrackableScrollView */; };
		B23AFAE92830E3C80043CFCE /* UserRow.swift in Sources */ = {isa = PBXBuildFile; fileRef = B23AFAE82830E3C80043CFCE /* UserRow.swift */; };
		B23AFAEB2830E3DE0043CFCE /* ViewLoader.swift in Sources */ = {isa = PBXBuildFile; fileRef = B23AFAEA2830E3DE0043CFCE /* ViewLoader.swift */; };
		B23AFAEE2830E4200043CFCE /* GithubAPIManager.swift in Sources */ = {isa = PBXBuildFile; fileRef = B23AFAED2830E4200043CFCE /* GithubAPIManager.swift */; };
		B23AFAF02830E4350043CFCE /* User.swift in Sources */ = {isa = PBXBuildFile; fileRef = B23AFAEF2830E4350043CFCE /* User.swift */; };
		B23CA2342806D8BC00E90288 /* NukeUI in Frameworks */ = {isa = PBXBuildFile; productRef = B23CA2332806D8BC00E90288 /* NukeUI */; };
		B23CA2372806D8D700E90288 /* NukeDemo.swift in Sources */ = {isa = PBXBuildFile; fileRef = B23CA2362806D8D700E90288 /* NukeDemo.swift */; };
		B24329E52833F9CC0034B6D5 /* HalfSheetModal.swift in Sources */ = {isa = PBXBuildFile; fileRef = B24329E42833F9CC0034B6D5 /* HalfSheetModal.swift */; };
		B24329E72833F9E30034B6D5 /* HalfSheetCustomer.swift in Sources */ = {isa = PBXBuildFile; fileRef = B24329E62833F9E30034B6D5 /* HalfSheetCustomer.swift */; };
		B259777427857E6E00DA0FDE /* ParalaxHeader.swift in Sources */ = {isa = PBXBuildFile; fileRef = B259777327857E6E00DA0FDE /* ParalaxHeader.swift */; };
		B2699319276C33470056D631 /* ZoomableScrollView.swift in Sources */ = {isa = PBXBuildFile; fileRef = B2699318276C33470056D631 /* ZoomableScrollView.swift */; };
		B269EB56278BD0DE0086DE40 /* SliderRangeView.swift in Sources */ = {isa = PBXBuildFile; fileRef = B269EB55278BD0DE0086DE40 /* SliderRangeView.swift */; };
		B269EB58278BD0F10086DE40 /* SliderRangeController.swift in Sources */ = {isa = PBXBuildFile; fileRef = B269EB57278BD0F10086DE40 /* SliderRangeController.swift */; };
		B269EB5A278BE0B20086DE40 /* SliderRange3.swift in Sources */ = {isa = PBXBuildFile; fileRef = B269EB59278BE0B20086DE40 /* SliderRange3.swift */; };
		B277A0532784063500A88380 /* AsyncImageView.swift in Sources */ = {isa = PBXBuildFile; fileRef = B277A0522784063500A88380 /* AsyncImageView.swift */; };
		B277A0552784065200A88380 /* AsyncImageViewController.swift in Sources */ = {isa = PBXBuildFile; fileRef = B277A0542784065200A88380 /* AsyncImageViewController.swift */; };
		B280F3E827957D0000C7F011 /* ScrollViewOffsetNew.swift in Sources */ = {isa = PBXBuildFile; fileRef = B280F3E727957D0000C7F011 /* ScrollViewOffsetNew.swift */; };
		B29201AD2796AB6E00226F93 /* SliderRange2.swift in Sources */ = {isa = PBXBuildFile; fileRef = B29201AC2796AB6E00226F93 /* SliderRange2.swift */; };
		B2B50402279CA6EA00D22726 /* SliderRangeSwiftUI in Frameworks */ = {isa = PBXBuildFile; productRef = B2B50401279CA6EA00D22726 /* SliderRangeSwiftUI */; };
		B2BF2CE127D9A79500C8695F /* ImageNew2.swift in Sources */ = {isa = PBXBuildFile; fileRef = B2BF2CE027D9A79500C8695F /* ImageNew2.swift */; };
		B2BF2CE427D9B45500C8695F /* ZoomableScrollViewPOD.swift in Sources */ = {isa = PBXBuildFile; fileRef = B2BF2CE327D9B45500C8695F /* ZoomableScrollViewPOD.swift */; };
		B2C118AF2770829400F84CF0 /* RefreshableScrollView.swift in Sources */ = {isa = PBXBuildFile; fileRef = B2C118AE2770829400F84CF0 /* RefreshableScrollView.swift */; };
		B2C1CAA827EC306C00CCA014 /* InputViewFocussed.swift in Sources */ = {isa = PBXBuildFile; fileRef = B2C1CAA727EC306C00CCA014 /* InputViewFocussed.swift */; };
		B2C1F28D2786CBD500EE0005 /* ScrollViewOffset.swift in Sources */ = {isa = PBXBuildFile; fileRef = B2C1F28C2786CBD500EE0005 /* ScrollViewOffset.swift */; };
		B2C557392769C9720016EF53 /* SwiftUI_TutorialApp.swift in Sources */ = {isa = PBXBuildFile; fileRef = B2C557382769C9720016EF53 /* SwiftUI_TutorialApp.swift */; };
		B2C5573B2769C9720016EF53 /* ContentView.swift in Sources */ = {isa = PBXBuildFile; fileRef = B2C5573A2769C9720016EF53 /* ContentView.swift */; };
		B2C5573D2769C9730016EF53 /* Assets.xcassets in Resources */ = {isa = PBXBuildFile; fileRef = B2C5573C2769C9730016EF53 /* Assets.xcassets */; };
		B2C557402769C9730016EF53 /* Preview Assets.xcassets in Resources */ = {isa = PBXBuildFile; fileRef = B2C5573F2769C9730016EF53 /* Preview Assets.xcassets */; };
		B2C557492769C9FA0016EF53 /* UIKitConvertableSwiftUIPresentable.swift in Sources */ = {isa = PBXBuildFile; fileRef = B2C557482769C9FA0016EF53 /* UIKitConvertableSwiftUIPresentable.swift */; };
		B2C5574B2769CAE60016EF53 /* UITextFieldPresentable.swift in Sources */ = {isa = PBXBuildFile; fileRef = B2C5574A2769CAE60016EF53 /* UITextFieldPresentable.swift */; };
		B2E70D48282F5F0700A37B43 /* UITableViewRepresentableView.swift in Sources */ = {isa = PBXBuildFile; fileRef = B2E70D47282F5F0700A37B43 /* UITableViewRepresentableView.swift */; };
		B2EC0117283DD37C00951969 /* HashTagView.swift in Sources */ = {isa = PBXBuildFile; fileRef = B2EC0116283DD37C00951969 /* HashTagView.swift */; };
		B2EC0119283DD5D200951969 /* HashTag2.swift in Sources */ = {isa = PBXBuildFile; fileRef = B2EC0118283DD5D200951969 /* HashTag2.swift */; };
		B2EC0120283E1E0300951969 /* TextLabelWithHyperLink.swift in Sources */ = {isa = PBXBuildFile; fileRef = B2EC011F283E1E0300951969 /* TextLabelWithHyperLink.swift */; };
		B2EC0129283E32C300951969 /* ActiveLabel in Frameworks */ = {isa = PBXBuildFile; productRef = B2EC0128283E32C300951969 /* ActiveLabel */; };
		B2EC012B283E33DC00951969 /* ActiveLabelView.swift in Sources */ = {isa = PBXBuildFile; fileRef = B2EC012A283E33DC00951969 /* ActiveLabelView.swift */; };
		B2ED86392769D34D00612F0D /* ImageViews.swift in Sources */ = {isa = PBXBuildFile; fileRef = B2ED86382769D34D00612F0D /* ImageViews.swift */; };
		B2ED863B2769D3A700612F0D /* ImageViewPresentable.swift in Sources */ = {isa = PBXBuildFile; fileRef = B2ED863A2769D3A700612F0D /* ImageViewPresentable.swift */; };
		B2ED863F2769D61500612F0D /* ImageViewController.swift in Sources */ = {isa = PBXBuildFile; fileRef = B2ED863E2769D61500612F0D /* ImageViewController.swift */; };
/* End PBXBuildFile section */

/* Begin PBXFileReference section */
		B20B6A73279905AF0041C866 /* SliderRange4.swift */ = {isa = PBXFileReference; lastKnownFileType = sourcecode.swift; path = SliderRange4.swift; sourceTree = "<group>"; };
		B20BE7FA27DB5E47009CCB6B /* TextFieldAutoFocused.swift */ = {isa = PBXFileReference; lastKnownFileType = sourcecode.swift; path = TextFieldAutoFocused.swift; sourceTree = "<group>"; };
		B215578D2775AAE5005FDA24 /* LoadMoreScrolView.swift */ = {isa = PBXFileReference; lastKnownFileType = sourcecode.swift; path = LoadMoreScrolView.swift; sourceTree = "<group>"; };
		B2271DD027F2BEB700FE4A60 /* DemoScrollViewOffset.swift */ = {isa = PBXFileReference; lastKnownFileType = sourcecode.swift; path = DemoScrollViewOffset.swift; sourceTree = "<group>"; };
		B232DA6D27741B5200D58DEC /* CustomNumberPad.swift */ = {isa = PBXFileReference; lastKnownFileType = sourcecode.swift; path = CustomNumberPad.swift; sourceTree = "<group>"; };
		B232DA6F27741B6700D58DEC /* VerificationView.swift */ = {isa = PBXFileReference; lastKnownFileType = sourcecode.swift; path = VerificationView.swift; sourceTree = "<group>"; };
		B232DA7127743D8D00D58DEC /* PinEntryView.swift */ = {isa = PBXFileReference; lastKnownFileType = sourcecode.swift; path = PinEntryView.swift; sourceTree = "<group>"; };
		B2341FD227E9A96500CE369E /* TrackableScrollView.swift */ = {isa = PBXFileReference; lastKnownFileType = sourcecode.swift; path = TrackableScrollView.swift; sourceTree = "<group>"; };
		B23AFAE82830E3C80043CFCE /* UserRow.swift */ = {isa = PBXFileReference; lastKnownFileType = sourcecode.swift; path = UserRow.swift; sourceTree = "<group>"; };
		B23AFAEA2830E3DE0043CFCE /* ViewLoader.swift */ = {isa = PBXFileReference; lastKnownFileType = sourcecode.swift; path = ViewLoader.swift; sourceTree = "<group>"; };
		B23AFAED2830E4200043CFCE /* GithubAPIManager.swift */ = {isa = PBXFileReference; lastKnownFileType = sourcecode.swift; path = GithubAPIManager.swift; sourceTree = "<group>"; };
		B23AFAEF2830E4350043CFCE /* User.swift */ = {isa = PBXFileReference; lastKnownFileType = sourcecode.swift; path = User.swift; sourceTree = "<group>"; };
		B23CA2362806D8D700E90288 /* NukeDemo.swift */ = {isa = PBXFileReference; lastKnownFileType = sourcecode.swift; path = NukeDemo.swift; sourceTree = "<group>"; };
		B24329E42833F9CC0034B6D5 /* HalfSheetModal.swift */ = {isa = PBXFileReference; lastKnownFileType = sourcecode.swift; path = HalfSheetModal.swift; sourceTree = "<group>"; };
		B24329E62833F9E30034B6D5 /* HalfSheetCustomer.swift */ = {isa = PBXFileReference; lastKnownFileType = sourcecode.swift; path = HalfSheetCustomer.swift; sourceTree = "<group>"; };
		B259777327857E6E00DA0FDE /* ParalaxHeader.swift */ = {isa = PBXFileReference; lastKnownFileType = sourcecode.swift; path = ParalaxHeader.swift; sourceTree = "<group>"; };
		B2699318276C33470056D631 /* ZoomableScrollView.swift */ = {isa = PBXFileReference; lastKnownFileType = sourcecode.swift; path = ZoomableScrollView.swift; sourceTree = "<group>"; };
		B269EB55278BD0DE0086DE40 /* SliderRangeView.swift */ = {isa = PBXFileReference; lastKnownFileType = sourcecode.swift; path = SliderRangeView.swift; sourceTree = "<group>"; };
		B269EB57278BD0F10086DE40 /* SliderRangeController.swift */ = {isa = PBXFileReference; lastKnownFileType = sourcecode.swift; path = SliderRangeController.swift; sourceTree = "<group>"; };
		B269EB59278BE0B20086DE40 /* SliderRange3.swift */ = {isa = PBXFileReference; lastKnownFileType = sourcecode.swift; path = SliderRange3.swift; sourceTree = "<group>"; };
		B277A0522784063500A88380 /* AsyncImageView.swift */ = {isa = PBXFileReference; lastKnownFileType = sourcecode.swift; path = AsyncImageView.swift; sourceTree = "<group>"; };
		B277A0542784065200A88380 /* AsyncImageViewController.swift */ = {isa = PBXFileReference; lastKnownFileType = sourcecode.swift; path = AsyncImageViewController.swift; sourceTree = "<group>"; };
		B280F3E727957D0000C7F011 /* ScrollViewOffsetNew.swift */ = {isa = PBXFileReference; lastKnownFileType = sourcecode.swift; path = ScrollViewOffsetNew.swift; sourceTree = "<group>"; };
		B29201AC2796AB6E00226F93 /* SliderRange2.swift */ = {isa = PBXFileReference; lastKnownFileType = sourcecode.swift; path = SliderRange2.swift; sourceTree = "<group>"; };
		B2BF2CE027D9A79500C8695F /* ImageNew2.swift */ = {isa = PBXFileReference; lastKnownFileType = sourcecode.swift; path = ImageNew2.swift; sourceTree = "<group>"; };
		B2BF2CE327D9B45500C8695F /* ZoomableScrollViewPOD.swift */ = {isa = PBXFileReference; lastKnownFileType = sourcecode.swift; path = ZoomableScrollViewPOD.swift; sourceTree = "<group>"; };
		B2C118AE2770829400F84CF0 /* RefreshableScrollView.swift */ = {isa = PBXFileReference; lastKnownFileType = sourcecode.swift; path = RefreshableScrollView.swift; sourceTree = "<group>"; };
		B2C1CAA727EC306C00CCA014 /* InputViewFocussed.swift */ = {isa = PBXFileReference; lastKnownFileType = sourcecode.swift; path = InputViewFocussed.swift; sourceTree = "<group>"; };
		B2C1F28C2786CBD500EE0005 /* ScrollViewOffset.swift */ = {isa = PBXFileReference; lastKnownFileType = sourcecode.swift; path = ScrollViewOffset.swift; sourceTree = "<group>"; };
		B2C557352769C9720016EF53 /* SwiftUI_Tutorial.app */ = {isa = PBXFileReference; explicitFileType = wrapper.application; includeInIndex = 0; path = SwiftUI_Tutorial.app; sourceTree = BUILT_PRODUCTS_DIR; };
		B2C557382769C9720016EF53 /* SwiftUI_TutorialApp.swift */ = {isa = PBXFileReference; lastKnownFileType = sourcecode.swift; path = SwiftUI_TutorialApp.swift; sourceTree = "<group>"; };
		B2C5573A2769C9720016EF53 /* ContentView.swift */ = {isa = PBXFileReference; lastKnownFileType = sourcecode.swift; path = ContentView.swift; sourceTree = "<group>"; };
		B2C5573C2769C9730016EF53 /* Assets.xcassets */ = {isa = PBXFileReference; lastKnownFileType = folder.assetcatalog; path = Assets.xcassets; sourceTree = "<group>"; };
		B2C5573F2769C9730016EF53 /* Preview Assets.xcassets */ = {isa = PBXFileReference; lastKnownFileType = folder.assetcatalog; path = "Preview Assets.xcassets"; sourceTree = "<group>"; };
		B2C557412769C9730016EF53 /* Info.plist */ = {isa = PBXFileReference; lastKnownFileType = text.plist.xml; path = Info.plist; sourceTree = "<group>"; };
		B2C557482769C9FA0016EF53 /* UIKitConvertableSwiftUIPresentable.swift */ = {isa = PBXFileReference; lastKnownFileType = sourcecode.swift; path = UIKitConvertableSwiftUIPresentable.swift; sourceTree = "<group>"; };
		B2C5574A2769CAE60016EF53 /* UITextFieldPresentable.swift */ = {isa = PBXFileReference; lastKnownFileType = sourcecode.swift; path = UITextFieldPresentable.swift; sourceTree = "<group>"; };
		B2E70D47282F5F0700A37B43 /* UITableViewRepresentableView.swift */ = {isa = PBXFileReference; lastKnownFileType = sourcecode.swift; path = UITableViewRepresentableView.swift; sourceTree = "<group>"; };
		B2EC0116283DD37C00951969 /* HashTagView.swift */ = {isa = PBXFileReference; lastKnownFileType = sourcecode.swift; path = HashTagView.swift; sourceTree = "<group>"; };
		B2EC0118283DD5D200951969 /* HashTag2.swift */ = {isa = PBXFileReference; lastKnownFileType = sourcecode.swift; path = HashTag2.swift; sourceTree = "<group>"; };
		B2EC011F283E1E0300951969 /* TextLabelWithHyperLink.swift */ = {isa = PBXFileReference; lastKnownFileType = sourcecode.swift; path = TextLabelWithHyperLink.swift; sourceTree = "<group>"; };
		B2EC012A283E33DC00951969 /* ActiveLabelView.swift */ = {isa = PBXFileReference; lastKnownFileType = sourcecode.swift; path = ActiveLabelView.swift; sourceTree = "<group>"; };
		B2ED86382769D34D00612F0D /* ImageViews.swift */ = {isa = PBXFileReference; lastKnownFileType = sourcecode.swift; path = ImageViews.swift; sourceTree = "<group>"; };
		B2ED863A2769D3A700612F0D /* ImageViewPresentable.swift */ = {isa = PBXFileReference; lastKnownFileType = sourcecode.swift; path = ImageViewPresentable.swift; sourceTree = "<group>"; };
		B2ED863E2769D61500612F0D /* ImageViewController.swift */ = {isa = PBXFileReference; lastKnownFileType = sourcecode.swift; path = ImageViewController.swift; sourceTree = "<group>"; };
/* End PBXFileReference section */

/* Begin PBXFrameworksBuildPhase section */
		B2C557322769C9720016EF53 /* Frameworks */ = {
			isa = PBXFrameworksBuildPhase;
			buildActionMask = 2147483647;
			files = (
				B20B6A722799058E0041C866 /* Sliders in Frameworks */,
				B2341FD627E9A98800CE369E /* SwiftUITrackableScrollView in Frameworks */,
				B2B50402279CA6EA00D22726 /* SliderRangeSwiftUI in Frameworks */,
				B23CA2342806D8BC00E90288 /* NukeUI in Frameworks */,
				B2EC0129283E32C300951969 /* ActiveLabel in Frameworks */,
				B21A48C82779AD6A001FEC1D /* SwiftUIPullToRefresh in Frameworks */,
				B21A48C32779A2B5001FEC1D /* SwiftUIRefresh in Frameworks */,
			);
			runOnlyForDeploymentPostprocessing = 0;
		};
/* End PBXFrameworksBuildPhase section */

/* Begin PBXGroup section */
		B20BE7F927DB5E2D009CCB6B /* TextField */ = {
			isa = PBXGroup;
			children = (
				B20BE7FA27DB5E47009CCB6B /* TextFieldAutoFocused.swift */,
			);
			path = TextField;
			sourceTree = "<group>";
		};
		B215578C2775AACD005FDA24 /* LoadMoreScrollView */ = {
			isa = PBXGroup;
			children = (
				B215578D2775AAE5005FDA24 /* LoadMoreScrolView.swift */,
			);
			path = LoadMoreScrollView;
			sourceTree = "<group>";
		};
		B232DA6C27741B3D00D58DEC /* VerificationOTPView */ = {
			isa = PBXGroup;
			children = (
				B269931A276C375C0056D631 /* HalfSheet */,
				B232DA6D27741B5200D58DEC /* CustomNumberPad.swift */,
				B232DA6F27741B6700D58DEC /* VerificationView.swift */,
				B232DA7127743D8D00D58DEC /* PinEntryView.swift */,
				B2C1CAA727EC306C00CCA014 /* InputViewFocussed.swift */,
			);
			path = VerificationOTPView;
			sourceTree = "<group>";
		};
		B23AFADD2830E3270043CFCE /* ViewModel */ = {
			isa = PBXGroup;
			children = (
			);
			path = ViewModel;
			sourceTree = "<group>";
		};
		B23AFADE2830E32D0043CFCE /* Model */ = {
			isa = PBXGroup;
			children = (
				B23AFAEF2830E4350043CFCE /* User.swift */,
			);
			path = Model;
			sourceTree = "<group>";
		};
		B23AFADF2830E3330043CFCE /* Component */ = {
			isa = PBXGroup;
			children = (
				B23AFAE82830E3C80043CFCE /* UserRow.swift */,
				B23AFAEA2830E3DE0043CFCE /* ViewLoader.swift */,
			);
			path = Component;
			sourceTree = "<group>";
		};
		B23AFAEC2830E4040043CFCE /* Network */ = {
			isa = PBXGroup;
			children = (
				B23AFAED2830E4200043CFCE /* GithubAPIManager.swift */,
			);
			path = Network;
			sourceTree = "<group>";
		};
		B23CA2352806D8C900E90288 /* NukeUIDemo */ = {
			isa = PBXGroup;
			children = (
				B23CA2362806D8D700E90288 /* NukeDemo.swift */,
			);
			path = NukeUIDemo;
			sourceTree = "<group>";
		};
		B24329E32833F9BE0034B6D5 /* HalfSheet */ = {
			isa = PBXGroup;
			children = (
				B24329E42833F9CC0034B6D5 /* HalfSheetModal.swift */,
				B24329E62833F9E30034B6D5 /* HalfSheetCustomer.swift */,
			);
			path = HalfSheet;
			sourceTree = "<group>";
		};
		B2699317276C33280056D631 /* ZoomableScrollView */ = {
			isa = PBXGroup;
			children = (
				B2699318276C33470056D631 /* ZoomableScrollView.swift */,
				B2BF2CE327D9B45500C8695F /* ZoomableScrollViewPOD.swift */,
			);
			path = ZoomableScrollView;
			sourceTree = "<group>";
		};
		B269931A276C375C0056D631 /* HalfSheet */ = {
			isa = PBXGroup;
			children = (
			);
			path = HalfSheet;
			sourceTree = "<group>";
		};
		B269EB54278BD0C80086DE40 /* SliderRange */ = {
			isa = PBXGroup;
			children = (
				B269EB55278BD0DE0086DE40 /* SliderRangeView.swift */,
				B269EB57278BD0F10086DE40 /* SliderRangeController.swift */,
				B269EB59278BE0B20086DE40 /* SliderRange3.swift */,
				B29201AC2796AB6E00226F93 /* SliderRange2.swift */,
				B20B6A73279905AF0041C866 /* SliderRange4.swift */,
			);
			path = SliderRange;
			sourceTree = "<group>";
		};
		B277A0512784060F00A88380 /* AsyncImageView */ = {
			isa = PBXGroup;
			children = (
				B277A0522784063500A88380 /* AsyncImageView.swift */,
				B277A0542784065200A88380 /* AsyncImageViewController.swift */,
			);
			path = AsyncImageView;
			sourceTree = "<group>";
		};
		B2C118AD277081B100F84CF0 /* RefreshbleScrollView */ = {
			isa = PBXGroup;
			children = (
				B2C118AE2770829400F84CF0 /* RefreshableScrollView.swift */,
			);
			path = RefreshbleScrollView;
			sourceTree = "<group>";
		};
		B2C5572C2769C9720016EF53 = {
			isa = PBXGroup;
			children = (
				B2C557372769C9720016EF53 /* SwiftUI_Tutorial */,
				B2C557362769C9720016EF53 /* Products */,
			);
			sourceTree = "<group>";
		};
		B2C557362769C9720016EF53 /* Products */ = {
			isa = PBXGroup;
			children = (
				B2C557352769C9720016EF53 /* SwiftUI_Tutorial.app */,
			);
			name = Products;
			sourceTree = "<group>";
		};
		B2C557372769C9720016EF53 /* SwiftUI_Tutorial */ = {
			isa = PBXGroup;
			children = (
				B2C557472769C9B70016EF53 /* Views */,
				B2C557382769C9720016EF53 /* SwiftUI_TutorialApp.swift */,
				B2C5573A2769C9720016EF53 /* ContentView.swift */,
				B2C5573C2769C9730016EF53 /* Assets.xcassets */,
				B2C557412769C9730016EF53 /* Info.plist */,
				B2C5573E2769C9730016EF53 /* Preview Content */,
			);
			path = SwiftUI_Tutorial;
			sourceTree = "<group>";
		};
		B2C5573E2769C9730016EF53 /* Preview Content */ = {
			isa = PBXGroup;
			children = (
				B2C5573F2769C9730016EF53 /* Preview Assets.xcassets */,
			);
			path = "Preview Content";
			sourceTree = "<group>";
		};
		B2C557472769C9B70016EF53 /* Views */ = {
			isa = PBXGroup;
			children = (
				B2EC0115283DD35D00951969 /* HashTag */,
				B2EC0114283DD34400951969 /* UIRepresentableView */,
				B24329E32833F9BE0034B6D5 /* HalfSheet */,
				B23AFAEC2830E4040043CFCE /* Network */,
				B23AFADF2830E3330043CFCE /* Component */,
				B23AFADE2830E32D0043CFCE /* Model */,
				B23AFADD2830E3270043CFCE /* ViewModel */,
				B23CA2352806D8C900E90288 /* NukeUIDemo */,
				B2FE157027F2BE630068CE80 /* ScrollViewOffset */,
				B20BE7F927DB5E2D009CCB6B /* TextField */,
				B269EB54278BD0C80086DE40 /* SliderRange */,
				B277A0512784060F00A88380 /* AsyncImageView */,
				B215578C2775AACD005FDA24 /* LoadMoreScrollView */,
				B232DA6C27741B3D00D58DEC /* VerificationOTPView */,
				B2C118AD277081B100F84CF0 /* RefreshbleScrollView */,
				B2699317276C33280056D631 /* ZoomableScrollView */,
				B2ED86372769D32900612F0D /* ImageViewer */,
			);
			path = Views;
			sourceTree = "<group>";
		};
		B2EC0114283DD34400951969 /* UIRepresentableView */ = {
			isa = PBXGroup;
			children = (
				B2C557482769C9FA0016EF53 /* UIKitConvertableSwiftUIPresentable.swift */,
				B2C5574A2769CAE60016EF53 /* UITextFieldPresentable.swift */,
				B259777327857E6E00DA0FDE /* ParalaxHeader.swift */,
				B2341FD227E9A96500CE369E /* TrackableScrollView.swift */,
				B2E70D47282F5F0700A37B43 /* UITableViewRepresentableView.swift */,
			);
			path = UIRepresentableView;
			sourceTree = "<group>";
		};
		B2EC0115283DD35D00951969 /* HashTag */ = {
			isa = PBXGroup;
			children = (
				B2EC0116283DD37C00951969 /* HashTagView.swift */,
				B2EC0118283DD5D200951969 /* HashTag2.swift */,
				B2EC011F283E1E0300951969 /* TextLabelWithHyperLink.swift */,
				B2EC012A283E33DC00951969 /* ActiveLabelView.swift */,
			);
			path = HashTag;
			sourceTree = "<group>";
		};
		B2ED86372769D32900612F0D /* ImageViewer */ = {
			isa = PBXGroup;
			children = (
				B2ED86382769D34D00612F0D /* ImageViews.swift */,
				B2ED863A2769D3A700612F0D /* ImageViewPresentable.swift */,
				B2ED863E2769D61500612F0D /* ImageViewController.swift */,
				B2BF2CE027D9A79500C8695F /* ImageNew2.swift */,
			);
			path = ImageViewer;
			sourceTree = "<group>";
		};
		B2FE157027F2BE630068CE80 /* ScrollViewOffset */ = {
			isa = PBXGroup;
			children = (
				B2C1F28C2786CBD500EE0005 /* ScrollViewOffset.swift */,
				B280F3E727957D0000C7F011 /* ScrollViewOffsetNew.swift */,
				B2271DD027F2BEB700FE4A60 /* DemoScrollViewOffset.swift */,
			);
			path = ScrollViewOffset;
			sourceTree = "<group>";
		};
/* End PBXGroup section */

/* Begin PBXNativeTarget section */
		B2C557342769C9720016EF53 /* SwiftUI_Tutorial */ = {
			isa = PBXNativeTarget;
			buildConfigurationList = B2C557442769C9730016EF53 /* Build configuration list for PBXNativeTarget "SwiftUI_Tutorial" */;
			buildPhases = (
				B2C557312769C9720016EF53 /* Sources */,
				B2C557322769C9720016EF53 /* Frameworks */,
				B2C557332769C9720016EF53 /* Resources */,
			);
			buildRules = (
			);
			dependencies = (
			);
			name = SwiftUI_Tutorial;
			packageProductDependencies = (
				B21A48C22779A2B5001FEC1D /* SwiftUIRefresh */,
				B21A48C72779AD6A001FEC1D /* SwiftUIPullToRefresh */,
				B20B6A712799058E0041C866 /* Sliders */,
				B2B50401279CA6EA00D22726 /* SliderRangeSwiftUI */,
				B2341FD527E9A98800CE369E /* SwiftUITrackableScrollView */,
				B23CA2332806D8BC00E90288 /* NukeUI */,
				B2EC0128283E32C300951969 /* ActiveLabel */,
			);
			productName = SwiftUI_Tutorial;
			productReference = B2C557352769C9720016EF53 /* SwiftUI_Tutorial.app */;
			productType = "com.apple.product-type.application";
		};
/* End PBXNativeTarget section */

/* Begin PBXProject section */
		B2C5572D2769C9720016EF53 /* Project object */ = {
			isa = PBXProject;
			attributes = {
				LastSwiftUpdateCheck = 1250;
				LastUpgradeCheck = 1250;
				TargetAttributes = {
					B2C557342769C9720016EF53 = {
						CreatedOnToolsVersion = 12.5.1;
					};
				};
			};
			buildConfigurationList = B2C557302769C9720016EF53 /* Build configuration list for PBXProject "SwiftUI_Tutorial" */;
			compatibilityVersion = "Xcode 9.3";
			developmentRegion = en;
			hasScannedForEncodings = 0;
			knownRegions = (
				en,
				Base,
			);
			mainGroup = B2C5572C2769C9720016EF53;
			packageReferences = (
				B21A48C12779A2B5001FEC1D /* XCRemoteSwiftPackageReference "SwiftUIRefresh" */,
				B21A48C62779AD6A001FEC1D /* XCRemoteSwiftPackageReference "SwiftUI-PullToRefresh" */,
				B20B6A702799058E0041C866 /* XCRemoteSwiftPackageReference "sliders-backup" */,
				B2B50400279CA6EA00D22726 /* XCRemoteSwiftPackageReference "SliderRangeSwiftUI" */,
				B2341FD427E9A98800CE369E /* XCRemoteSwiftPackageReference "trackable-scroll-view" */,
				B23CA2322806D8BC00E90288 /* XCRemoteSwiftPackageReference "NukeUI" */,
				B2EC0127283E32C300951969 /* XCRemoteSwiftPackageReference "ActiveLabel.swift" */,
			);
			productRefGroup = B2C557362769C9720016EF53 /* Products */;
			projectDirPath = "";
			projectRoot = "";
			targets = (
				B2C557342769C9720016EF53 /* SwiftUI_Tutorial */,
			);
		};
/* End PBXProject section */

/* Begin PBXResourcesBuildPhase section */
		B2C557332769C9720016EF53 /* Resources */ = {
			isa = PBXResourcesBuildPhase;
			buildActionMask = 2147483647;
			files = (
				B2C557402769C9730016EF53 /* Preview Assets.xcassets in Resources */,
				B2C5573D2769C9730016EF53 /* Assets.xcassets in Resources */,
			);
			runOnlyForDeploymentPostprocessing = 0;
		};
/* End PBXResourcesBuildPhase section */

/* Begin PBXSourcesBuildPhase section */
		B2C557312769C9720016EF53 /* Sources */ = {
			isa = PBXSourcesBuildPhase;
			buildActionMask = 2147483647;
			files = (
				B2ED86392769D34D00612F0D /* ImageViews.swift in Sources */,
				B29201AD2796AB6E00226F93 /* SliderRange2.swift in Sources */,
				B277A0552784065200A88380 /* AsyncImageViewController.swift in Sources */,
				B215578E2775AAE5005FDA24 /* LoadMoreScrolView.swift in Sources */,
				B2C5573B2769C9720016EF53 /* ContentView.swift in Sources */,
				B24329E72833F9E30034B6D5 /* HalfSheetCustomer.swift in Sources */,
				B2E70D48282F5F0700A37B43 /* UITableViewRepresentableView.swift in Sources */,
				B277A0532784063500A88380 /* AsyncImageView.swift in Sources */,
				B232DA6E27741B5200D58DEC /* CustomNumberPad.swift in Sources */,
				B2BF2CE427D9B45500C8695F /* ZoomableScrollViewPOD.swift in Sources */,
				B259777427857E6E00DA0FDE /* ParalaxHeader.swift in Sources */,
				B2C1F28D2786CBD500EE0005 /* ScrollViewOffset.swift in Sources */,
				B280F3E827957D0000C7F011 /* ScrollViewOffsetNew.swift in Sources */,
				B2EC0117283DD37C00951969 /* HashTagView.swift in Sources */,
				B2271DD127F2BEB700FE4A60 /* DemoScrollViewOffset.swift in Sources */,
				B269EB58278BD0F10086DE40 /* SliderRangeController.swift in Sources */,
				B20B6A74279905AF0041C866 /* SliderRange4.swift in Sources */,
				B2ED863B2769D3A700612F0D /* ImageViewPresentable.swift in Sources */,
				B23AFAF02830E4350043CFCE /* User.swift in Sources */,
				B23AFAE92830E3C80043CFCE /* UserRow.swift in Sources */,
				B2C118AF2770829400F84CF0 /* RefreshableScrollView.swift in Sources */,
				B2ED863F2769D61500612F0D /* ImageViewController.swift in Sources */,
				B269EB5A278BE0B20086DE40 /* SliderRange3.swift in Sources */,
				B2C557392769C9720016EF53 /* SwiftUI_TutorialApp.swift in Sources */,
				B2C557492769C9FA0016EF53 /* UIKitConvertableSwiftUIPresentable.swift in Sources */,
				B2699319276C33470056D631 /* ZoomableScrollView.swift in Sources */,
				B269EB56278BD0DE0086DE40 /* SliderRangeView.swift in Sources */,
				B20BE7FB27DB5E47009CCB6B /* TextFieldAutoFocused.swift in Sources */,
				B23AFAEE2830E4200043CFCE /* GithubAPIManager.swift in Sources */,
				B2EC0120283E1E0300951969 /* TextLabelWithHyperLink.swift in Sources */,
				B2C1CAA827EC306C00CCA014 /* InputViewFocussed.swift in Sources */,
				B2BF2CE127D9A79500C8695F /* ImageNew2.swift in Sources */,
				B23AFAEB2830E3DE0043CFCE /* ViewLoader.swift in Sources */,
				B24329E52833F9CC0034B6D5 /* HalfSheetModal.swift in Sources */,
				B2C5574B2769CAE60016EF53 /* UITextFieldPresentable.swift in Sources */,
				B2EC0119283DD5D200951969 /* HashTag2.swift in Sources */,
				B23CA2372806D8D700E90288 /* NukeDemo.swift in Sources */,
				B232DA7227743D8D00D58DEC /* PinEntryView.swift in Sources */,
				B2341FD327E9A96500CE369E /* TrackableScrollView.swift in Sources */,
				B232DA7027741B6700D58DEC /* VerificationView.swift in Sources */,
				B2EC012B283E33DC00951969 /* ActiveLabelView.swift in Sources */,
			);
			runOnlyForDeploymentPostprocessing = 0;
		};
/* End PBXSourcesBuildPhase section */

/* Begin XCBuildConfiguration section */
		B2C557422769C9730016EF53 /* Debug */ = {
			isa = XCBuildConfiguration;
			buildSettings = {
				ALWAYS_SEARCH_USER_PATHS = NO;
				CLANG_ANALYZER_NONNULL = YES;
				CLANG_ANALYZER_NUMBER_OBJECT_CONVERSION = YES_AGGRESSIVE;
				CLANG_CXX_LANGUAGE_STANDARD = "gnu++14";
				CLANG_CXX_LIBRARY = "libc++";
				CLANG_ENABLE_MODULES = YES;
				CLANG_ENABLE_OBJC_ARC = YES;
				CLANG_ENABLE_OBJC_WEAK = YES;
				CLANG_WARN_BLOCK_CAPTURE_AUTORELEASING = YES;
				CLANG_WARN_BOOL_CONVERSION = YES;
				CLANG_WARN_COMMA = YES;
				CLANG_WARN_CONSTANT_CONVERSION = YES;
				CLANG_WARN_DEPRECATED_OBJC_IMPLEMENTATIONS = YES;
				CLANG_WARN_DIRECT_OBJC_ISA_USAGE = YES_ERROR;
				CLANG_WARN_DOCUMENTATION_COMMENTS = YES;
				CLANG_WARN_EMPTY_BODY = YES;
				CLANG_WARN_ENUM_CONVERSION = YES;
				CLANG_WARN_INFINITE_RECURSION = YES;
				CLANG_WARN_INT_CONVERSION = YES;
				CLANG_WARN_NON_LITERAL_NULL_CONVERSION = YES;
				CLANG_WARN_OBJC_IMPLICIT_RETAIN_SELF = YES;
				CLANG_WARN_OBJC_LITERAL_CONVERSION = YES;
				CLANG_WARN_OBJC_ROOT_CLASS = YES_ERROR;
				CLANG_WARN_QUOTED_INCLUDE_IN_FRAMEWORK_HEADER = YES;
				CLANG_WARN_RANGE_LOOP_ANALYSIS = YES;
				CLANG_WARN_STRICT_PROTOTYPES = YES;
				CLANG_WARN_SUSPICIOUS_MOVE = YES;
				CLANG_WARN_UNGUARDED_AVAILABILITY = YES_AGGRESSIVE;
				CLANG_WARN_UNREACHABLE_CODE = YES;
				CLANG_WARN__DUPLICATE_METHOD_MATCH = YES;
				COPY_PHASE_STRIP = NO;
				DEBUG_INFORMATION_FORMAT = dwarf;
				ENABLE_STRICT_OBJC_MSGSEND = YES;
				ENABLE_TESTABILITY = YES;
				GCC_C_LANGUAGE_STANDARD = gnu11;
				GCC_DYNAMIC_NO_PIC = NO;
				GCC_NO_COMMON_BLOCKS = YES;
				GCC_OPTIMIZATION_LEVEL = 0;
				GCC_PREPROCESSOR_DEFINITIONS = (
					"DEBUG=1",
					"$(inherited)",
				);
				GCC_WARN_64_TO_32_BIT_CONVERSION = YES;
				GCC_WARN_ABOUT_RETURN_TYPE = YES_ERROR;
				GCC_WARN_UNDECLARED_SELECTOR = YES;
				GCC_WARN_UNINITIALIZED_AUTOS = YES_AGGRESSIVE;
				GCC_WARN_UNUSED_FUNCTION = YES;
				GCC_WARN_UNUSED_VARIABLE = YES;
				IPHONEOS_DEPLOYMENT_TARGET = 14.0;
				MTL_ENABLE_DEBUG_INFO = INCLUDE_SOURCE;
				MTL_FAST_MATH = YES;
				ONLY_ACTIVE_ARCH = YES;
				SDKROOT = iphoneos;
				SWIFT_ACTIVE_COMPILATION_CONDITIONS = DEBUG;
				SWIFT_OPTIMIZATION_LEVEL = "-Onone";
			};
			name = Debug;
		};
		B2C557432769C9730016EF53 /* Release */ = {
			isa = XCBuildConfiguration;
			buildSettings = {
				ALWAYS_SEARCH_USER_PATHS = NO;
				CLANG_ANALYZER_NONNULL = YES;
				CLANG_ANALYZER_NUMBER_OBJECT_CONVERSION = YES_AGGRESSIVE;
				CLANG_CXX_LANGUAGE_STANDARD = "gnu++14";
				CLANG_CXX_LIBRARY = "libc++";
				CLANG_ENABLE_MODULES = YES;
				CLANG_ENABLE_OBJC_ARC = YES;
				CLANG_ENABLE_OBJC_WEAK = YES;
				CLANG_WARN_BLOCK_CAPTURE_AUTORELEASING = YES;
				CLANG_WARN_BOOL_CONVERSION = YES;
				CLANG_WARN_COMMA = YES;
				CLANG_WARN_CONSTANT_CONVERSION = YES;
				CLANG_WARN_DEPRECATED_OBJC_IMPLEMENTATIONS = YES;
				CLANG_WARN_DIRECT_OBJC_ISA_USAGE = YES_ERROR;
				CLANG_WARN_DOCUMENTATION_COMMENTS = YES;
				CLANG_WARN_EMPTY_BODY = YES;
				CLANG_WARN_ENUM_CONVERSION = YES;
				CLANG_WARN_INFINITE_RECURSION = YES;
				CLANG_WARN_INT_CONVERSION = YES;
				CLANG_WARN_NON_LITERAL_NULL_CONVERSION = YES;
				CLANG_WARN_OBJC_IMPLICIT_RETAIN_SELF = YES;
				CLANG_WARN_OBJC_LITERAL_CONVERSION = YES;
				CLANG_WARN_OBJC_ROOT_CLASS = YES_ERROR;
				CLANG_WARN_QUOTED_INCLUDE_IN_FRAMEWORK_HEADER = YES;
				CLANG_WARN_RANGE_LOOP_ANALYSIS = YES;
				CLANG_WARN_STRICT_PROTOTYPES = YES;
				CLANG_WARN_SUSPICIOUS_MOVE = YES;
				CLANG_WARN_UNGUARDED_AVAILABILITY = YES_AGGRESSIVE;
				CLANG_WARN_UNREACHABLE_CODE = YES;
				CLANG_WARN__DUPLICATE_METHOD_MATCH = YES;
				COPY_PHASE_STRIP = NO;
				DEBUG_INFORMATION_FORMAT = "dwarf-with-dsym";
				ENABLE_NS_ASSERTIONS = NO;
				ENABLE_STRICT_OBJC_MSGSEND = YES;
				GCC_C_LANGUAGE_STANDARD = gnu11;
				GCC_NO_COMMON_BLOCKS = YES;
				GCC_WARN_64_TO_32_BIT_CONVERSION = YES;
				GCC_WARN_ABOUT_RETURN_TYPE = YES_ERROR;
				GCC_WARN_UNDECLARED_SELECTOR = YES;
				GCC_WARN_UNINITIALIZED_AUTOS = YES_AGGRESSIVE;
				GCC_WARN_UNUSED_FUNCTION = YES;
				GCC_WARN_UNUSED_VARIABLE = YES;
				IPHONEOS_DEPLOYMENT_TARGET = 14.0;
				MTL_ENABLE_DEBUG_INFO = NO;
				MTL_FAST_MATH = YES;
				SDKROOT = iphoneos;
				SWIFT_COMPILATION_MODE = wholemodule;
				SWIFT_OPTIMIZATION_LEVEL = "-O";
				VALIDATE_PRODUCT = YES;
			};
			name = Release;
		};
		B2C557452769C9730016EF53 /* Debug */ = {
			isa = XCBuildConfiguration;
			buildSettings = {
				ASSETCATALOG_COMPILER_APPICON_NAME = AppIcon;
				ASSETCATALOG_COMPILER_GLOBAL_ACCENT_COLOR_NAME = AccentColor;
				CODE_SIGN_STYLE = Automatic;
				DEVELOPMENT_ASSET_PATHS = "\"SwiftUI_Tutorial/Preview Content\"";
				DEVELOPMENT_TEAM = "";
				ENABLE_PREVIEWS = YES;
				INFOPLIST_FILE = SwiftUI_Tutorial/Info.plist;
				IPHONEOS_DEPLOYMENT_TARGET = 15.2;
				LD_RUNPATH_SEARCH_PATHS = (
					"$(inherited)",
					"@executable_path/Frameworks",
				);
				PRODUCT_BUNDLE_IDENTIFIER = "swiftui.com.SwiftUI-Tutorial";
				PRODUCT_NAME = "$(TARGET_NAME)";
				SWIFT_VERSION = 5.0;
				TARGETED_DEVICE_FAMILY = 1;
			};
			name = Debug;
		};
		B2C557462769C9730016EF53 /* Release */ = {
			isa = XCBuildConfiguration;
			buildSettings = {
				ASSETCATALOG_COMPILER_APPICON_NAME = AppIcon;
				ASSETCATALOG_COMPILER_GLOBAL_ACCENT_COLOR_NAME = AccentColor;
				CODE_SIGN_STYLE = Automatic;
				DEVELOPMENT_ASSET_PATHS = "\"SwiftUI_Tutorial/Preview Content\"";
				DEVELOPMENT_TEAM = "";
				ENABLE_PREVIEWS = YES;
				INFOPLIST_FILE = SwiftUI_Tutorial/Info.plist;
				IPHONEOS_DEPLOYMENT_TARGET = 15.2;
				LD_RUNPATH_SEARCH_PATHS = (
					"$(inherited)",
					"@executable_path/Frameworks",
				);
				PRODUCT_BUNDLE_IDENTIFIER = "swiftui.com.SwiftUI-Tutorial";
				PRODUCT_NAME = "$(TARGET_NAME)";
				SWIFT_VERSION = 5.0;
				TARGETED_DEVICE_FAMILY = 1;
			};
			name = Release;
		};
/* End XCBuildConfiguration section */

/* Begin XCConfigurationList section */
		B2C557302769C9720016EF53 /* Build configuration list for PBXProject "SwiftUI_Tutorial" */ = {
			isa = XCConfigurationList;
			buildConfigurations = (
				B2C557422769C9730016EF53 /* Debug */,
				B2C557432769C9730016EF53 /* Release */,
			);
			defaultConfigurationIsVisible = 0;
			defaultConfigurationName = Release;
		};
		B2C557442769C9730016EF53 /* Build configuration list for PBXNativeTarget "SwiftUI_Tutorial" */ = {
			isa = XCConfigurationList;
			buildConfigurations = (
				B2C557452769C9730016EF53 /* Debug */,
				B2C557462769C9730016EF53 /* Release */,
			);
			defaultConfigurationIsVisible = 0;
			defaultConfigurationName = Release;
		};
/* End XCConfigurationList section */

/* Begin XCRemoteSwiftPackageReference section */
		B20B6A702799058E0041C866 /* XCRemoteSwiftPackageReference "sliders-backup" */ = {
			isa = XCRemoteSwiftPackageReference;
			repositoryURL = "https://github.com/moridaffy/sliders-backup.git";
			requirement = {
				branch = master;
				kind = branch;
			};
		};
		B21A48C12779A2B5001FEC1D /* XCRemoteSwiftPackageReference "SwiftUIRefresh" */ = {
			isa = XCRemoteSwiftPackageReference;
			repositoryURL = "https://github.com/siteline/SwiftUIRefresh.git";
			requirement = {
				kind = upToNextMajorVersion;
				minimumVersion = 0.0.3;
			};
		};
		B21A48C62779AD6A001FEC1D /* XCRemoteSwiftPackageReference "SwiftUI-PullToRefresh" */ = {
			isa = XCRemoteSwiftPackageReference;
			repositoryURL = "https://github.com/phuhuynh2411/SwiftUI-PullToRefresh.git";
			requirement = {
				kind = upToNextMajorVersion;
				minimumVersion = 1.0.0;
			};
		};
		B2341FD427E9A98800CE369E /* XCRemoteSwiftPackageReference "trackable-scroll-view" */ = {
			isa = XCRemoteSwiftPackageReference;
			repositoryURL = "https://github.com/maxnatchanon/trackable-scroll-view.git";
			requirement = {
				branch = master;
				kind = branch;
			};
		};
		B23CA2322806D8BC00E90288 /* XCRemoteSwiftPackageReference "NukeUI" */ = {
			isa = XCRemoteSwiftPackageReference;
			repositoryURL = "https://github.com/kean/NukeUI.git";
			requirement = {
				kind = upToNextMajorVersion;
				minimumVersion = 0.8.1;
			};
		};
		B2B50400279CA6EA00D22726 /* XCRemoteSwiftPackageReference "SliderRangeSwiftUI" */ = {
			isa = XCRemoteSwiftPackageReference;
			repositoryURL = "https://github.com/AnthonyCode274/SliderRangeSwiftUI.git";
			requirement = {
				branch = main;
				kind = branch;
			};
		};
		B2EC0127283E32C300951969 /* XCRemoteSwiftPackageReference "ActiveLabel.swift" */ = {
			isa = XCRemoteSwiftPackageReference;
			repositoryURL = "https://github.com/optonaut/ActiveLabel.swift.git";
			requirement = {
				kind = upToNextMajorVersion;
				minimumVersion = 1.0.0;
			};
		};
/* End XCRemoteSwiftPackageReference section */

/* Begin XCSwiftPackageProductDependency section */
		B20B6A712799058E0041C866 /* Sliders */ = {
			isa = XCSwiftPackageProductDependency;
			package = B20B6A702799058E0041C866 /* XCRemoteSwiftPackageReference "sliders-backup" */;
			productName = Sliders;
		};
		B21A48C22779A2B5001FEC1D /* SwiftUIRefresh */ = {
			isa = XCSwiftPackageProductDependency;
			package = B21A48C12779A2B5001FEC1D /* XCRemoteSwiftPackageReference "SwiftUIRefresh" */;
			productName = SwiftUIRefresh;
		};
		B21A48C72779AD6A001FEC1D /* SwiftUIPullToRefresh */ = {
			isa = XCSwiftPackageProductDependency;
			package = B21A48C62779AD6A001FEC1D /* XCRemoteSwiftPackageReference "SwiftUI-PullToRefresh" */;
			productName = SwiftUIPullToRefresh;
		};
		B2341FD527E9A98800CE369E /* SwiftUITrackableScrollView */ = {
			isa = XCSwiftPackageProductDependency;
			package = B2341FD427E9A98800CE369E /* XCRemoteSwiftPackageReference "trackable-scroll-view" */;
			productName = SwiftUITrackableScrollView;
		};
		B23CA2332806D8BC00E90288 /* NukeUI */ = {
			isa = XCSwiftPackageProductDependency;
			package = B23CA2322806D8BC00E90288 /* XCRemoteSwiftPackageReference "NukeUI" */;
			productName = NukeUI;
		};
		B2B50401279CA6EA00D22726 /* SliderRangeSwiftUI */ = {
			isa = XCSwiftPackageProductDependency;
			package = B2B50400279CA6EA00D22726 /* XCRemoteSwiftPackageReference "SliderRangeSwiftUI" */;
			productName = SliderRangeSwiftUI;
		};
		B2EC0128283E32C300951969 /* ActiveLabel */ = {
			isa = XCSwiftPackageProductDependency;
			package = B2EC0127283E32C300951969 /* XCRemoteSwiftPackageReference "ActiveLabel.swift" */;
			productName = ActiveLabel;
		};
/* End XCSwiftPackageProductDependency section */
	};
	rootObject = B2C5572D2769C9720016EF53 /* Project object */;
}
